
Microsoft Visual Studio Solution File, Format Version 12.00
# Visual Studio Version 17
VisualStudioVersion = 17.0.31611.283
MinimumVisualStudioVersion = 10.0.40219.1
Project("{9A19103F-16F7-4668-BE54-9A1E7A4F7556}") = "rzrboy", "rzrboy\rzrboy.csproj", "{377BF893-77E3-4BC7-AA4D-D69CB2520255}"
EndProject
Project("{9A19103F-16F7-4668-BE54-9A1E7A4F7556}") = "emu", "emu\emu.csproj", "{64C32A41-6BB7-4871-B80E-2563A1D4570A}"
EndProject
Project("{9A19103F-16F7-4668-BE54-9A1E7A4F7556}") = "Deploy", "ModuleWriter\Deploy.csproj", "{F5D5F78F-AC4A-4BDF-A45F-0AF60F89981B}"
EndProject
Project("{FAE04EC0-301F-11D3-BF4B-00C04F79EFBC}") = "PeliPoika", "PeliPoika\PeliPoika.csproj", "{0F35240C-90A4-4CB8-8516-0EF49CBC6587}"
EndProject
Global
	GlobalSection(SolutionConfigurationPlatforms) = preSolution
		Debug|Any CPU = Debug|Any CPU
		Debug|x64 = Debug|x64
		Release|Any CPU = Release|Any CPU
		Release|x64 = Release|x64
	EndGlobalSection
	GlobalSection(ProjectConfigurationPlatforms) = postSolution
		{377BF893-77E3-4BC7-AA4D-D69CB2520255}.Debug|Any CPU.ActiveCfg = Debug|Any CPU
		{377BF893-77E3-4BC7-AA4D-D69CB2520255}.Debug|Any CPU.Build.0 = Debug|Any CPU
		{377BF893-77E3-4BC7-AA4D-D69CB2520255}.Debug|Any CPU.Deploy.0 = Debug|Any CPU
		{377BF893-77E3-4BC7-AA4D-D69CB2520255}.Debug|x64.ActiveCfg = Debug|x64
		{377BF893-77E3-4BC7-AA4D-D69CB2520255}.Debug|x64.Build.0 = Debug|x64
		{377BF893-77E3-4BC7-AA4D-D69CB2520255}.Debug|x64.Deploy.0 = Debug|x64
		{377BF893-77E3-4BC7-AA4D-D69CB2520255}.Release|Any CPU.ActiveCfg = Release|Any CPU
		{377BF893-77E3-4BC7-AA4D-D69CB2520255}.Release|Any CPU.Build.0 = Release|Any CPU
		{377BF893-77E3-4BC7-AA4D-D69CB2520255}.Release|Any CPU.Deploy.0 = Release|Any CPU
		{377BF893-77E3-4BC7-AA4D-D69CB2520255}.Release|x64.ActiveCfg = Release|x64
		{377BF893-77E3-4BC7-AA4D-D69CB2520255}.Release|x64.Build.0 = Release|x64
		{377BF893-77E3-4BC7-AA4D-D69CB2520255}.Release|x64.Deploy.0 = Release|x64
		{64C32A41-6BB7-4871-B80E-2563A1D4570A}.Debug|Any CPU.ActiveCfg = Debug|Any CPU
		{64C32A41-6BB7-4871-B80E-2563A1D4570A}.Debug|Any CPU.Build.0 = Debug|Any CPU
		{64C32A41-6BB7-4871-B80E-2563A1D4570A}.Debug|x64.ActiveCfg = Debug|x64
		{64C32A41-6BB7-4871-B80E-2563A1D4570A}.Debug|x64.Build.0 = Debug|x64
		{64C32A41-6BB7-4871-B80E-2563A1D4570A}.Release|Any CPU.ActiveCfg = Release|Any CPU
		{64C32A41-6BB7-4871-B80E-2563A1D4570A}.Release|Any CPU.Build.0 = Release|Any CPU
		{64C32A41-6BB7-4871-B80E-2563A1D4570A}.Release|x64.ActiveCfg = Release|x64
		{64C32A41-6BB7-4871-B80E-2563A1D4570A}.Release|x64.Build.0 = Release|x64
		{F5D5F78F-AC4A-4BDF-A45F-0AF60F89981B}.Debug|Any CPU.ActiveCfg = Debug|Any CPU
		{F5D5F78F-AC4A-4BDF-A45F-0AF60F89981B}.Debug|Any CPU.Build.0 = Debug|Any CPU
		{F5D5F78F-AC4A-4BDF-A45F-0AF60F89981B}.Debug|x64.ActiveCfg = Debug|Any CPU
		{F5D5F78F-AC4A-4BDF-A45F-0AF60F89981B}.Debug|x64.Build.0 = Debug|Any CPU
		{F5D5F78F-AC4A-4BDF-A45F-0AF60F89981B}.Release|Any CPU.ActiveCfg = Release|Any CPU
		{F5D5F78F-AC4A-4BDF-A45F-0AF60F89981B}.Release|Any CPU.Build.0 = Release|Any CPU
		{F5D5F78F-AC4A-4BDF-A45F-0AF60F89981B}.Release|x64.ActiveCfg = Release|Any CPU
		{F5D5F78F-AC4A-4BDF-A45F-0AF60F89981B}.Release|x64.Build.0 = Release|Any CPU
		{0F35240C-90A4-4CB8-8516-0EF49CBC6587}.Debug|Any CPU.ActiveCfg = Debug|Any CPU
		{0F35240C-90A4-4CB8-8516-0EF49CBC6587}.Debug|Any CPU.Build.0 = Debug|Any CPU
		{0F35240C-90A4-4CB8-8516-0EF49CBC6587}.Debug|x64.ActiveCfg = Debug|Any CPU
		{0F35240C-90A4-4CB8-8516-0EF49CBC6587}.Debug|x64.Build.0 = Debug|Any CPU
		{0F35240C-90A4-4CB8-8516-0EF49CBC6587}.Release|Any CPU.ActiveCfg = Release|Any CPU
		{0F35240C-90A4-4CB8-8516-0EF49CBC6587}.Release|Any CPU.Build.0 = Release|Any CPU
		{0F35240C-90A4-4CB8-8516-0EF49CBC6587}.Release|x64.ActiveCfg = Release|Any CPU
		{0F35240C-90A4-4CB8-8516-0EF49CBC6587}.Release|x64.Build.0 = Release|Any CPU
	EndGlobalSection
	GlobalSection(SolutionProperties) = preSolution
		HideSolutionNode = FALSE
	EndGlobalSection
	GlobalSection(ExtensibilityGlobals) = postSolution
		SolutionGuid = {61F7FB11-1E47-470C-91E2-47F8143E1572}
	EndGlobalSection
EndGlobal
